Microsoft Visual Studio Solution File, Format Version 12.00
# Visual Studio Version 17
VisualStudioVersion = 17.0.31903.59
MinimumVisualStudioVersion = 10.0.40219.1
Project("{FAE04EC0-301F-11D3-BF4B-00C04F79EFBC}") = "CommandLine", "CommandLine\CommandLine.csproj", "{0BB395DD-C24C-40C9-A044-395383D3AA3A}"
EndProject
Project("{FAE04EC0-301F-11D3-BF4B-00C04F79EFBC}") = "RestApi", "RestApi\RestApi.csproj", "{C8287A57-4493-4187-B2C1-1678A7CDFDB7}"
EndProject
Project("{FAE04EC0-301F-11D3-BF4B-00C04F79EFBC}") = "Entities", "Entities\Entities.csproj", "{0BE75315-5FB5-4E91-ABCB-C31385BEECF5}"
EndProject
Global
	GlobalSection(SolutionConfigurationPlatforms) = preSolution
		Debug|Any CPU = Debug|Any CPU
		Release|Any CPU = Release|Any CPU
	EndGlobalSection
	GlobalSection(SolutionProperties) = preSolution
		HideSolutionNode = FALSE
	EndGlobalSection
	GlobalSection(ProjectConfigurationPlatforms) = postSolution
		{0BB395DD-C24C-40C9-A044-395383D3AA3A}.Debug|Any CPU.ActiveCfg = Debug|Any CPU
		{0BB395DD-C24C-40C9-A044-395383D3AA3A}.Debug|Any CPU.Build.0 = Debug|Any CPU
		{0BB395DD-C24C-40C9-A044-395383D3AA3A}.Release|Any CPU.ActiveCfg = Release|Any CPU
		{0BB395DD-C24C-40C9-A044-395383D3AA3A}.Release|Any CPU.Build.0 = Release|Any CPU
		{C8287A57-4493-4187-B2C1-1678A7CDFDB7}.Debug|Any CPU.ActiveCfg = Debug|Any CPU
		{C8287A57-4493-4187-B2C1-1678A7CDFDB7}.Debug|Any CPU.Build.0 = Debug|Any CPU
		{C8287A57-4493-4187-B2C1-1678A7CDFDB7}.Release|Any CPU.ActiveCfg = Release|Any CPU
		{C8287A57-4493-4187-B2C1-1678A7CDFDB7}.Release|Any CPU.Build.0 = Release|Any CPU
		{0BE75315-5FB5-4E91-ABCB-C31385BEECF5}.Debug|Any CPU.ActiveCfg = Debug|Any CPU
		{0BE75315-5FB5-4E91-ABCB-C31385BEECF5}.Debug|Any CPU.Build.0 = Debug|Any CPU
		{0BE75315-5FB5-4E91-ABCB-C31385BEECF5}.Release|Any CPU.ActiveCfg = Release|Any CPU
		{0BE75315-5FB5-4E91-ABCB-C31385BEECF5}.Release|Any CPU.Build.0 = Release|Any CPU
	EndGlobalSection
EndGlobal
